
Microsoft Visual Studio Solution File, Format Version 12.00
# Visual Studio Version 17
VisualStudioVersion = 17.2.32602.215
MinimumVisualStudioVersion = 10.0.40219.1
Project("{FAE04EC0-301F-11D3-BF4B-00C04F79EFBC}") = "BlazorApp1.Server", "BlazorApp1\Server\BlazorApp1.Server.csproj", "{CE2508C4-44BD-4F3B-A5F6-60F4CB4A5778}"
EndProject
Project("{FAE04EC0-301F-11D3-BF4B-00C04F79EFBC}") = "BlazorApp1.Client", "BlazorApp1\Client\BlazorApp1.Client.csproj", "{FF64100E-92C8-49EB-91FE-0959CEDDB127}"
EndProject
Project("{FAE04EC0-301F-11D3-BF4B-00C04F79EFBC}") = "BlazorApp1.Shared", "BlazorApp1\Shared\BlazorApp1.Shared.csproj", "{A9FCB4B5-DDBE-47B9-92D6-2FAB2775CA4E}"
EndProject
Global
	GlobalSection(SolutionConfigurationPlatforms) = preSolution
		Debug|Any CPU = Debug|Any CPU
		Release|Any CPU = Release|Any CPU
	EndGlobalSection
	GlobalSection(ProjectConfigurationPlatforms) = postSolution
		{CE2508C4-44BD-4F3B-A5F6-60F4CB4A5778}.Debug|Any CPU.ActiveCfg = Debug|Any CPU
		{CE2508C4-44BD-4F3B-A5F6-60F4CB4A5778}.Debug|Any CPU.Build.0 = Debug|Any CPU
		{CE2508C4-44BD-4F3B-A5F6-60F4CB4A5778}.Release|Any CPU.ActiveCfg = Release|Any CPU
		{CE2508C4-44BD-4F3B-A5F6-60F4CB4A5778}.Release|Any CPU.Build.0 = Release|Any CPU
		{FF64100E-92C8-49EB-91FE-0959CEDDB127}.Debug|Any CPU.ActiveCfg = Debug|Any CPU
		{FF64100E-92C8-49EB-91FE-0959CEDDB127}.Debug|Any CPU.Build.0 = Debug|Any CPU
		{FF64100E-92C8-49EB-91FE-0959CEDDB127}.Release|Any CPU.ActiveCfg = Release|Any CPU
		{FF64100E-92C8-49EB-91FE-0959CEDDB127}.Release|Any CPU.Build.0 = Release|Any CPU
		{A9FCB4B5-DDBE-47B9-92D6-2FAB2775CA4E}.Debug|Any CPU.ActiveCfg = Debug|Any CPU
		{A9FCB4B5-DDBE-47B9-92D6-2FAB2775CA4E}.Debug|Any CPU.Build.0 = Debug|Any CPU
		{A9FCB4B5-DDBE-47B9-92D6-2FAB2775CA4E}.Release|Any CPU.ActiveCfg = Release|Any CPU
		{A9FCB4B5-DDBE-47B9-92D6-2FAB2775CA4E}.Release|Any CPU.Build.0 = Release|Any CPU
	EndGlobalSection
	GlobalSection(SolutionProperties) = preSolution
		HideSolutionNode = FALSE
	EndGlobalSection
	GlobalSection(ExtensibilityGlobals) = postSolution
		SolutionGuid = {C03F47A6-745D-40FB-84EA-5717082E6B51}
	EndGlobalSection
EndGlobal
